<?xml version="1.0" encoding="utf-8"?>
<Project ToolsVersion="4.0" xmlns="http://schemas.microsoft.com/developer/msbuild/2003">
  <ItemGroup>
    <Filter Include="Source Files">
      <UniqueIdentifier>{4FC737F1-C7A5-4376-A066-2A32D752A2FF}</UniqueIdentifier>
      <Extensions>cpp;c;cc;cxx;def;odl;idl;hpj;bat;asm;asmx</Extensions>
    </Filter>
    <Filter Include="Header Files">
      <UniqueIdentifier>{93995380-89BD-4b04-88EB-625FBE52EBFB}</UniqueIdentifier>
      <Extensions>h;hpp;hxx;hm;inl;inc;xsd</Extensions>
    </Filter>
  </ItemGroup>
  <ItemGroup>
    <ClCompile Include="src\zopfli\blocksplitter.c">
      <Filter>Source Files</Filter>
    </ClCompile>
    <ClCompile Include="src\zopfli\cache.c">
      <Filter>Source Files</Filter>
    </ClCompile>
    <ClCompile Include="src\zopfli\deflate.c">
      <Filter>Source Files</Filter>
    </ClCompile>
    <ClCompile Include="src\zopfli\gzip_container.c">
      <Filter>Source Files</Filter>
    </ClCompile>
    <ClCompile Include="src\zopfli\hash.c">
      <Filter>Source Files</Filter>
    </ClCompile>
    <ClCompile Include="src\zopfli\katajainen.c">
      <Filter>Source Files</Filter>
    </ClCompile>
    <ClCompile Include="src\zopfli\lz77.c">
      <Filter>Source Files</Filter>
    </ClCompile>
    <ClCompile Include="src\zopfli\squeeze.c">
      <Filter>Source Files</Filter>
    </ClCompile>
    <ClCompile Include="src\zopfli\tree.c">
      <Filter>Source Files</Filter>
    </ClCompile>
    <ClCompile Include="src\zopfli\util.c">
      <Filter>Source Files</Filter>
    </ClCompile>
    <ClCompile Include="src\zopfli\zlib_container.c">
      <Filter>Source Files</Filter>
    </ClCompile>
    <ClCompile Include="src\zopfli\zopfli_lib.c">
      <Filter>Source Files</Filter>
    </ClCompile>
    <ClCompile Include="src\zopflipng\zopflipng_lib.cc">
      <Filter>Source Files</Filter>
    </ClCompile>
    <ClCompile Include="src\zopflipng\lodepng\lodepng.cpp">
      <Filter>Source Files</Filter>
    </ClCompile>
    <ClCompile Include="src\zopflipng\lodepng\lodepng_util.cpp">
      <Filter>Source Files</Filter>
    </ClCompile>
    <ClCompile Include="src\zopflipng\zopflipng_bin.cc">
      <Filter>Source Files</Filter>
    </ClCompile>
  </ItemGroup>
  <ItemGroup>
    <ClInclude Include="src\zopfli\blocksplitter.h">
      <Filter>Header Files</Filter>
    </ClInclude>
    <ClInclude Include="src\zopfli\cache.h">
      <Filter>Header Files</Filter>
    </ClInclude>
    <ClInclude Include="src\zopfli\deflate.h">
      <Filter>Header Files</Filter>
    </ClInclude>
    <ClInclude Include="src\zopfli\gzip_container.h">
      <Filter>Header Files</Filter>
    </ClInclude>
    <ClInclude Include="src\zopfli\hash.h">
      <Filter>Header Files</Filter>
    </ClInclude>
    <ClInclude Include="src\zopfli\katajainen.h">
      <Filter>Header Files</Filter>
    </ClInclude>
    <ClInclude Include="src\zopflipng\lodepng\lodepng.h">
      <Filter>Header Files</Filter>
    </ClInclude>
    <ClInclude Include="src\zopflipng\lodepng\lodepng_util.h">
      <Filter>Header Files</Filter>
    </ClInclude>
    <ClInclude Include="src\zopfli\lz77.h">
      <Filter>Header Files</Filter>
    </ClInclude>
    <ClInclude Include="src\zopfli\squeeze.h">
      <Filter>Header Files</Filter>
    </ClInclude>
    <ClInclude Include="src\zopfli\tree.h">
      <Filter>Header Files</Filter>
    </ClInclude>
    <ClInclude Include="src\zopfli\util.h">
      <Filter>Header Files</Filter>
    </ClInclude>
    <ClInclude Include="src\zopfli\zlib_container.h">
      <Filter>Header Files</Filter>
    </ClInclude>
    <ClInclude Include="src\zopfli\zopfli.h">
      <Filter>Header Files</Filter>
    </ClInclude>
    <ClInclude Include="src\zopflipng\zopflipng_lib.h">
      <Filter>Header Files</Filter>
    </ClInclude>
  </ItemGroup>
</Project>